
Microsoft Visual Studio Solution File, Format Version 12.00
# Visual Studio 2013
VisualStudioVersion = 12.0.31101.0
MinimumVisualStudioVersion = 10.0.40219.1
Project("{FAE04EC0-301F-11D3-BF4B-00C04F79EFBC}") = "Kylskåp A", "Kylskåp A.csproj", "{4F65B50F-77C3-47FB-8AA1-3DBC6B3A747F}"
EndProject
Global
	GlobalSection(SolutionConfigurationPlatforms) = preSolution
		Debug|Any CPU = Debug|Any CPU
		Release|Any CPU = Release|Any CPU
	EndGlobalSection
	GlobalSection(ProjectConfigurationPlatforms) = postSolution
		{4F65B50F-77C3-47FB-8AA1-3DBC6B3A747F}.Debug|Any CPU.ActiveCfg = Debug|Any CPU
		{4F65B50F-77C3-47FB-8AA1-3DBC6B3A747F}.Debug|Any CPU.Build.0 = Debug|Any CPU
		{4F65B50F-77C3-47FB-8AA1-3DBC6B3A747F}.Release|Any CPU.ActiveCfg = Release|Any CPU
		{4F65B50F-77C3-47FB-8AA1-3DBC6B3A747F}.Release|Any CPU.Build.0 = Release|Any CPU
	EndGlobalSection
	GlobalSection(SolutionProperties) = preSolution
		HideSolutionNode = FALSE
	EndGlobalSection
EndGlobal
